{
  "name": "simulate-switching-workspaces-on-active-monitor",
  "version": "0.0.0",
  "lockfileVersion": 3,
  "requires": true,
  "packages": {
    "": {
      "name": "simulate-switching-workspaces-on-active-monitor",
      "version": "0.0.0",
      "license": "MIT",
      "devDependencies": {
        "@girs/gjs": "^4.0.0-beta.5",
        "@girs/gnome-shell": "^46.0.0-beta8",
        "typescript": "^5.4.5"
      }
    },
    "node_modules/@girs/accountsservice-1.0": {
      "version": "1.0.0-4.0.0-beta.5",
      "resolved": "https://registry.npmjs.org/@girs/accountsservice-1.0/-/accountsservice-1.0-1.0.0-4.0.0-beta.5.tgz",
      "integrity": "sha512-+l+kEv7a54o8jMDtftOmOpOl0bG+2rLVaCf1LqQDyLeGe74tpVCeCGre4g27VyC4KI6dh5Tp2kOnzx4u4Q1+bw==",
      "dev": true,
      "dependencies": {
        "@girs/gio-2.0": "^2.80.0-4.0.0-beta.5",
        "@girs/gjs": "^4.0.0-beta.5",
        "@girs/glib-2.0": "^2.80.0-4.0.0-beta.5",
        "@girs/gobject-2.0": "^2.80.0-4.0.0-beta.5"
      }
    },
    "node_modules/@girs/adw-1": {
      "version": "1.5.0-4.0.0-beta.5",
      "resolved": "https://registry.npmjs.org/@girs/adw-1/-/adw-1-1.5.0-4.0.0-beta.5.tgz",
      "integrity": "sha512-bIndXhtH0jXL1che7tsfkdQd0rU0pnXuQTag/zeTSlVwOmkCF8RFASN96bHChK/npFaFQJ2psAu3L63sPob+3g==",
      "dev": true,
      "dependencies": {
        "@girs/cairo-1.0": "^1.0.0-4.0.0-beta.5",
        "@girs/freetype2-2.0": "^2.0.0-4.0.0-beta.5",
        "@girs/gdk-4.0": "^4.0.0-4.0.0-beta.5",
        "@girs/gdkpixbuf-2.0": "^2.0.0-4.0.0-beta.5",
        "@girs/gio-2.0": "^2.80.0-4.0.0-beta.5",
        "@girs/gjs": "^4.0.0-beta.5",
        "@girs/glib-2.0": "^2.80.0-4.0.0-beta.5",
        "@girs/gmodule-2.0": "^2.0.0-4.0.0-beta.5",
        "@girs/gobject-2.0": "^2.80.0-4.0.0-beta.5",
        "@girs/graphene-1.0": "^1.0.0-4.0.0-beta.5",
        "@girs/gsk-4.0": "^4.0.0-4.0.0-beta.5",
        "@girs/gtk-4.0": "^4.14.3-4.0.0-beta.5",
        "@girs/harfbuzz-0.0": "^8.3.1-4.0.0-beta.5",
        "@girs/pango-1.0": "^1.52.2-4.0.0-beta.5",
        "@girs/pangocairo-1.0": "^1.0.0-4.0.0-beta.5"
      }
    },
    "node_modules/@girs/atk-1.0": {
      "version": "2.52.0-4.0.0-beta.5",
      "resolved": "https://registry.npmjs.org/@girs/atk-1.0/-/atk-1.0-2.52.0-4.0.0-beta.5.tgz",
      "integrity": "sha512-C0yQT7hyE3rsN+N/e0/msCj7vsOA4v34y1pSCm5hcy7HxuczdRpOca1TTupuXWWlZyqUhuBp3QIO4EbaFD6hdg==",
      "dev": true,
      "dependencies": {
        "@girs/gjs": "^4.0.0-beta.5",
        "@girs/glib-2.0": "^2.80.0-4.0.0-beta.5",
        "@girs/gobject-2.0": "^2.80.0-4.0.0-beta.5"
      }
    },
    "node_modules/@girs/cairo-1.0": {
      "version": "1.0.0-4.0.0-beta.5",
      "resolved": "https://registry.npmjs.org/@girs/cairo-1.0/-/cairo-1.0-1.0.0-4.0.0-beta.5.tgz",
      "integrity": "sha512-mGveki+ZJxSSxMzXbocScImDBAIEVZ6YmCKOzqHnJctQJTr2crKCFEQPNx7iNBCgGDOH2/0htJX12axGxMm1Gg==",
      "dev": true,
      "dependencies": {
        "@girs/gjs": "^4.0.0-beta.5",
        "@girs/glib-2.0": "^2.80.0-4.0.0-beta.5",
        "@girs/gobject-2.0": "^2.80.0-4.0.0-beta.5"
      }
    },
    "node_modules/@girs/cally-14": {
      "version": "14.0.0-4.0.0-beta.5",
      "resolved": "https://registry.npmjs.org/@girs/cally-14/-/cally-14-14.0.0-4.0.0-beta.5.tgz",
      "integrity": "sha512-twuuvpSjCw0rEC0YqT/t8fvm5wxC6hBmOLPBHH8VklYR7QeJQIWv+YjKG2DaW9T3UdLUsNoxaibXU5bTI3rCaQ==",
      "dev": true,
      "dependencies": {
        "@girs/atk-1.0": "^2.52.0-4.0.0-beta.5",
        "@girs/cairo-1.0": "^1.0.0-4.0.0-beta.5",
        "@girs/clutter-14": "^14.0.0-4.0.0-beta.5",
        "@girs/cogl-14": "^14.0.0-4.0.0-beta.5",
        "@girs/coglpango-14": "^14.0.0-4.0.0-beta.5",
        "@girs/freetype2-2.0": "^2.0.0-4.0.0-beta.5",
        "@girs/gio-2.0": "^2.80.0-4.0.0-beta.5",
        "@girs/gjs": "^4.0.0-beta.5",
        "@girs/gl-1.0": "^1.0.0-4.0.0-beta.5",
        "@girs/glib-2.0": "^2.80.0-4.0.0-beta.5",
        "@girs/gobject-2.0": "^2.80.0-4.0.0-beta.5",
        "@girs/graphene-1.0": "^1.0.0-4.0.0-beta.5",
        "@girs/harfbuzz-0.0": "^8.3.1-4.0.0-beta.5",
        "@girs/mtk-14": "^14.0.0-4.0.0-beta.5",
        "@girs/pango-1.0": "^1.52.2-4.0.0-beta.5",
        "@girs/pangocairo-1.0": "^1.0.0-4.0.0-beta.5",
        "@girs/xlib-2.0": "^2.0.0-4.0.0-beta.5"
      }
    },
    "node_modules/@girs/clutter-14": {
      "version": "14.0.0-4.0.0-beta.5",
      "resolved": "https://registry.npmjs.org/@girs/clutter-14/-/clutter-14-14.0.0-4.0.0-beta.5.tgz",
      "integrity": "sha512-++JshZ+KQzhZXxFJ0HUh4iar+BPq+JwJT3XjlZnMG6ts5oio1P2eB44vlXfPCpurYF86bg7tR5Qrh0EFL0LfuQ==",
      "dev": true,
      "dependencies": {
        "@girs/atk-1.0": "^2.52.0-4.0.0-beta.5",
        "@girs/cairo-1.0": "^1.0.0-4.0.0-beta.5",
        "@girs/cogl-14": "^14.0.0-4.0.0-beta.5",
        "@girs/coglpango-14": "^14.0.0-4.0.0-beta.5",
        "@girs/freetype2-2.0": "^2.0.0-4.0.0-beta.5",
        "@girs/gio-2.0": "^2.80.0-4.0.0-beta.5",
        "@girs/gjs": "^4.0.0-beta.5",
        "@girs/gl-1.0": "^1.0.0-4.0.0-beta.5",
        "@girs/glib-2.0": "^2.80.0-4.0.0-beta.5",
        "@girs/gobject-2.0": "^2.80.0-4.0.0-beta.5",
        "@girs/graphene-1.0": "^1.0.0-4.0.0-beta.5",
        "@girs/harfbuzz-0.0": "^8.3.1-4.0.0-beta.5",
        "@girs/mtk-14": "^14.0.0-4.0.0-beta.5",
        "@girs/pango-1.0": "^1.52.2-4.0.0-beta.5",
        "@girs/pangocairo-1.0": "^1.0.0-4.0.0-beta.5",
        "@girs/xlib-2.0": "^2.0.0-4.0.0-beta.5"
      }
    },
    "node_modules/@girs/cogl-14": {
      "version": "14.0.0-4.0.0-beta.5",
      "resolved": "https://registry.npmjs.org/@girs/cogl-14/-/cogl-14-14.0.0-4.0.0-beta.5.tgz",
      "integrity": "sha512-bs1LTwdc5pYVyvqb2p9oKe438ePwDPGEfcdsk+lVl7t9Bm745LuqzTjAFi+Pr9hLZ+8FJbux+ToMPma14byB4w==",
      "dev": true,
      "dependencies": {
        "@girs/gjs": "^4.0.0-beta.5",
        "@girs/gl-1.0": "^1.0.0-4.0.0-beta.5",
        "@girs/glib-2.0": "^2.80.0-4.0.0-beta.5",
        "@girs/gobject-2.0": "^2.80.0-4.0.0-beta.5",
        "@girs/graphene-1.0": "^1.0.0-4.0.0-beta.5",
        "@girs/mtk-14": "^14.0.0-4.0.0-beta.5",
        "@girs/xlib-2.0": "^2.0.0-4.0.0-beta.5"
      }
    },
    "node_modules/@girs/cogl-2.0": {
      "version": "2.0.0-4.0.0-beta.5",
      "resolved": "https://registry.npmjs.org/@girs/cogl-2.0/-/cogl-2.0-2.0.0-4.0.0-beta.5.tgz",
      "integrity": "sha512-ptAuNOzvsxy5R6hkt5ngJ/Nc+jWSGiXB933n1I+tSNBhp8sM1xAbwcyl+kFULEfHK0YN86bwgMSthpm2gXXMpg==",
      "dev": true,
      "dependencies": {
        "@girs/gjs": "^4.0.0-beta.5",
        "@girs/gl-1.0": "^1.0.0-4.0.0-beta.5",
        "@girs/glib-2.0": "^2.80.0-4.0.0-beta.5",
        "@girs/gobject-2.0": "^2.80.0-4.0.0-beta.5"
      }
    },
    "node_modules/@girs/coglpango-14": {
      "version": "14.0.0-4.0.0-beta.5",
      "resolved": "https://registry.npmjs.org/@girs/coglpango-14/-/coglpango-14-14.0.0-4.0.0-beta.5.tgz",
      "integrity": "sha512-cBvj3NbYunTtxEHKjNz4cFoehxMhLUP3MaTnw//EUjMN4J2U304AY2y6598H1bhb8oYaUykD1LeM70G594lnhw==",
      "dev": true,
      "dependencies": {
        "@girs/cairo-1.0": "^1.0.0-4.0.0-beta.5",
        "@girs/cogl-14": "^14.0.0-4.0.0-beta.5",
        "@girs/freetype2-2.0": "^2.0.0-4.0.0-beta.5",
        "@girs/gio-2.0": "^2.80.0-4.0.0-beta.5",
        "@girs/gjs": "^4.0.0-beta.5",
        "@girs/gl-1.0": "^1.0.0-4.0.0-beta.5",
        "@girs/glib-2.0": "^2.80.0-4.0.0-beta.5",
        "@girs/gobject-2.0": "^2.80.0-4.0.0-beta.5",
        "@girs/graphene-1.0": "^1.0.0-4.0.0-beta.5",
        "@girs/harfbuzz-0.0": "^8.3.1-4.0.0-beta.5",
        "@girs/mtk-14": "^14.0.0-4.0.0-beta.5",
        "@girs/pango-1.0": "^1.52.2-4.0.0-beta.5",
        "@girs/pangocairo-1.0": "^1.0.0-4.0.0-beta.5",
        "@girs/xlib-2.0": "^2.0.0-4.0.0-beta.5"
      }
    },
    "node_modules/@girs/freetype2-2.0": {
      "version": "2.0.0-4.0.0-beta.5",
      "resolved": "https://registry.npmjs.org/@girs/freetype2-2.0/-/freetype2-2.0-2.0.0-4.0.0-beta.5.tgz",
      "integrity": "sha512-tswYFpTtC5B53uNGIL9Rpjp54xm5xDKFGFf9NCZjz8gl//u5qIaHCQQEwe1F+lQluIUkB66y4xQiQPGrlkF0Vg==",
      "dev": true,
      "dependencies": {
        "@girs/gjs": "^4.0.0-beta.5",
        "@girs/gobject-2.0": "^2.80.0-4.0.0-beta.5"
      }
    },
    "node_modules/@girs/gck-2": {
      "version": "4.3.0-4.0.0-beta.5",
      "resolved": "https://registry.npmjs.org/@girs/gck-2/-/gck-2-4.3.0-4.0.0-beta.5.tgz",
      "integrity": "sha512-9IOKVDL563D2Flwjg93/G7ZE+q5R55NsNeExX7orxcrBmGo1YooGecxYY/cki9wXAOT1diC0fAlnHKgXjVlOow==",
      "dev": true,
      "dependencies": {
        "@girs/gio-2.0": "^2.80.0-4.0.0-beta.5",
        "@girs/gjs": "^4.0.0-beta.5",
        "@girs/glib-2.0": "^2.80.0-4.0.0-beta.5",
        "@girs/gobject-2.0": "^2.80.0-4.0.0-beta.5"
      }
    },
    "node_modules/@girs/gcr-4": {
      "version": "4.3.0-4.0.0-beta.5",
      "resolved": "https://registry.npmjs.org/@girs/gcr-4/-/gcr-4-4.3.0-4.0.0-beta.5.tgz",
      "integrity": "sha512-XFqhEyrhN/NDn5fzBMMOXofYXeQ6p5uTK0D0IXa2mIOvVu1EOxOzgtNGt/SiUum4lTtJvIpyVR86tqLIpGtwmw==",
      "dev": true,
      "dependencies": {
        "@girs/gck-2": "^4.3.0-4.0.0-beta.5",
        "@girs/gio-2.0": "^2.80.0-4.0.0-beta.5",
        "@girs/gjs": "^4.0.0-beta.5",
        "@girs/glib-2.0": "^2.80.0-4.0.0-beta.5",
        "@girs/gobject-2.0": "^2.80.0-4.0.0-beta.5"
      }
    },
    "node_modules/@girs/gdesktopenums-3.0": {
      "version": "3.0.0-4.0.0-beta.5",
      "resolved": "https://registry.npmjs.org/@girs/gdesktopenums-3.0/-/gdesktopenums-3.0-3.0.0-4.0.0-beta.5.tgz",
      "integrity": "sha512-drgYbHExoCrwgv5YWsJ2uiogYxS89j6Szlkvtvj4g4Z0BSvM5yh+21LYZfvUGQ2GnpzfQUjEFAMPqlDy4LWI7g==",
      "dev": true,
      "dependencies": {
        "@girs/gjs": "^4.0.0-beta.5",
        "@girs/gobject-2.0": "^2.80.0-4.0.0-beta.5"
      }
    },
    "node_modules/@girs/gdk-4.0": {
      "version": "4.0.0-4.0.0-beta.5",
      "resolved": "https://registry.npmjs.org/@girs/gdk-4.0/-/gdk-4.0-4.0.0-4.0.0-beta.5.tgz",
      "integrity": "sha512-wgGXwLyLsFmHgEbZ+oXChUVveR8Mu4jd5aZaRVaYOJ67Ff9V8Azt0ZKShqqQgx/D4bW6Kh0+WDplCuMMNNTeFg==",
      "dev": true,
      "dependencies": {
        "@girs/cairo-1.0": "^1.0.0-4.0.0-beta.5",
        "@girs/freetype2-2.0": "^2.0.0-4.0.0-beta.5",
        "@girs/gdkpixbuf-2.0": "^2.0.0-4.0.0-beta.5",
        "@girs/gio-2.0": "^2.80.0-4.0.0-beta.5",
        "@girs/gjs": "^4.0.0-beta.5",
        "@girs/glib-2.0": "^2.80.0-4.0.0-beta.5",
        "@girs/gmodule-2.0": "^2.0.0-4.0.0-beta.5",
        "@girs/gobject-2.0": "^2.80.0-4.0.0-beta.5",
        "@girs/harfbuzz-0.0": "^8.3.1-4.0.0-beta.5",
        "@girs/pango-1.0": "^1.52.2-4.0.0-beta.5",
        "@girs/pangocairo-1.0": "^1.0.0-4.0.0-beta.5"
      }
    },
    "node_modules/@girs/gdkpixbuf-2.0": {
      "version": "2.0.0-4.0.0-beta.5",
      "resolved": "https://registry.npmjs.org/@girs/gdkpixbuf-2.0/-/gdkpixbuf-2.0-2.0.0-4.0.0-beta.5.tgz",
      "integrity": "sha512-Jwt9sZHOvvkwAZ1aba6wuHIJm9KzKDWPKedSfsFe8eWQ3BugI6zuoOxK+KHu8RDSstogp5i2FGdzQJGn32Xaqg==",
      "dev": true,
      "dependencies": {
        "@girs/gio-2.0": "^2.80.0-4.0.0-beta.5",
        "@girs/gjs": "^4.0.0-beta.5",
        "@girs/glib-2.0": "^2.80.0-4.0.0-beta.5",
        "@girs/gmodule-2.0": "^2.0.0-4.0.0-beta.5",
        "@girs/gobject-2.0": "^2.80.0-4.0.0-beta.5"
      }
    },
    "node_modules/@girs/gdm-1.0": {
      "version": "1.0.0-4.0.0-beta.5",
      "resolved": "https://registry.npmjs.org/@girs/gdm-1.0/-/gdm-1.0-1.0.0-4.0.0-beta.5.tgz",
      "integrity": "sha512-PqadM1Bw2MGZf2Er60o8H0iodY4ZtCBa+JOjmrbGt9P/Mi4q1ouPeQaDUjyExM+tycvo51Xf3GMo7Ztg4JOBRw==",
      "dev": true,
      "dependencies": {
        "@girs/gio-2.0": "^2.80.0-4.0.0-beta.5",
        "@girs/gjs": "^4.0.0-beta.5",
        "@girs/glib-2.0": "^2.80.0-4.0.0-beta.5",
        "@girs/gobject-2.0": "^2.80.0-4.0.0-beta.5"
      }
    },
    "node_modules/@girs/gio-2.0": {
      "version": "2.80.0-4.0.0-beta.5",
      "resolved": "https://registry.npmjs.org/@girs/gio-2.0/-/gio-2.0-2.80.0-4.0.0-beta.5.tgz",
      "integrity": "sha512-536nFvNyOD8PupjWdr1HtZn46+8FsOWKagd5RlJuhiZwOR5QGp47Wv9MBzB0wayrhzt7ik1ZYtnnYGNvK4gvug==",
      "dev": true,
      "dependencies": {
        "@girs/gjs": "^4.0.0-beta.5",
        "@girs/glib-2.0": "^2.80.0-4.0.0-beta.5",
        "@girs/gobject-2.0": "^2.80.0-4.0.0-beta.5"
      }
    },
    "node_modules/@girs/gjs": {
      "version": "4.0.0-beta.5",
      "resolved": "https://registry.npmjs.org/@girs/gjs/-/gjs-4.0.0-beta.5.tgz",
      "integrity": "sha512-5qwzo/jtT2mmUiGha3p+OwMXqFORQWItrGuHgmEJ5NLuo08ht210bL89XsdoRUJ7ZvhxxFKmbACjN8pOMjlBqg==",
      "dev": true,
      "dependencies": {
        "@girs/gio-2.0": "^2.80.0-4.0.0-beta.5",
        "@girs/glib-2.0": "^2.80.0-4.0.0-beta.5",
        "@girs/gobject-2.0": "^2.80.0-4.0.0-beta.5"
      }
    },
    "node_modules/@girs/gl-1.0": {
      "version": "1.0.0-4.0.0-beta.5",
      "resolved": "https://registry.npmjs.org/@girs/gl-1.0/-/gl-1.0-1.0.0-4.0.0-beta.5.tgz",
      "integrity": "sha512-yN95/6ldUBBhnyGtR+ibP8FazxUww2X5Sm0BLSRnurhd832E3JoCTR6JVK2RKCNXYTqAMYsb2JmdcwjqmEwBtQ==",
      "dev": true,
      "dependencies": {
        "@girs/gjs": "^4.0.0-beta.5",
        "@girs/gobject-2.0": "^2.80.0-4.0.0-beta.5"
      }
    },
    "node_modules/@girs/glib-2.0": {
      "version": "2.80.0-4.0.0-beta.5",
      "resolved": "https://registry.npmjs.org/@girs/glib-2.0/-/glib-2.0-2.80.0-4.0.0-beta.5.tgz",
      "integrity": "sha512-gu/5ZWT7OwYp0S/EvfBZLtHttcfnTYzPo1Dp1gA/7xahLPvYPhlr0Uxb3IjQvvBMbqE9vsxxqVfqHUkkdfZw0Q==",
      "dev": true,
      "dependencies": {
        "@girs/gjs": "^4.0.0-beta.5",
        "@girs/gobject-2.0": "^2.80.0-4.0.0-beta.5"
      }
    },
    "node_modules/@girs/gmodule-2.0": {
      "version": "2.0.0-4.0.0-beta.5",
      "resolved": "https://registry.npmjs.org/@girs/gmodule-2.0/-/gmodule-2.0-2.0.0-4.0.0-beta.5.tgz",
      "integrity": "sha512-C/Vu0BmVyBDEYX3W9v7SmVpoC+1fjUqngEH/6TeI2uPPDyBPuVPSNlgA+Hd3qsACjJa4RDE6DVqdsoG2s2mAHQ==",
      "dev": true,
      "dependencies": {
        "@girs/gjs": "^4.0.0-beta.5",
        "@girs/glib-2.0": "^2.80.0-4.0.0-beta.5",
        "@girs/gobject-2.0": "^2.80.0-4.0.0-beta.5"
      }
    },
    "node_modules/@girs/gnome-shell": {
      "version": "46.0.0-beta8",
      "resolved": "https://registry.npmjs.org/@girs/gnome-shell/-/gnome-shell-46.0.0-beta8.tgz",
      "integrity": "sha512-Iv87SDL/OoG/GNL+qb4gNEBAk6YI7XJOXkQs73quZpy0qUXj6BOfa9E4GmNMCFZIItSv1egckRKUuowdfk0gPA==",
      "dev": true,
      "dependencies": {
        "@girs/accountsservice-1.0": "^1.0.0-4.0.0-beta.5",
        "@girs/adw-1": "^1.5.0-4.0.0-beta.5",
        "@girs/atk-1.0": "^2.52.0-4.0.0-beta.5",
        "@girs/cally-14": "^14.0.0-4.0.0-beta.5",
        "@girs/clutter-14": "^14.0.0-4.0.0-beta.5",
        "@girs/cogl-2.0": "^2.0.0-4.0.0-beta.5",
        "@girs/gcr-4": "^4.3.0-4.0.0-beta.5",
        "@girs/gdm-1.0": "^1.0.0-4.0.0-beta.5",
        "@girs/gio-2.0": "^2.80.0-4.0.0-beta.5",
        "@girs/gjs": "^4.0.0-beta.5",
        "@girs/glib-2.0": "^2.80.0-4.0.0-beta.5",
        "@girs/gnomebg-4.0": "^4.0.0-4.0.0-beta.5",
        "@girs/gnomebluetooth-3.0": "^3.0.0-4.0.0-beta.5",
        "@girs/gnomedesktop-4.0": "^4.0.0-4.0.0-beta.5",
        "@girs/gobject-2.0": "^2.80.0-4.0.0-beta.5",
        "@girs/gtk-4.0": "^4.14.3-4.0.0-beta.5",
        "@girs/gvc-1.0": "^1.0.0-4.0.0-beta.5",
        "@girs/meta-14": "^14.0.0-4.0.0-beta.5",
        "@girs/mtk-14": "^14.0.0-4.0.0-beta.5",
        "@girs/polkit-1.0": "^1.0.0-4.0.0-beta.5",
        "@girs/shell-14": "^14.0.0-4.0.0-beta.5",
        "@girs/shew-0": "^0.0.0-4.0.0-beta.5",
        "@girs/st-14": "^14.0.0-4.0.0-beta.5",
        "@girs/upowerglib-1.0": "^1.90.2-4.0.0-beta.4"
      }
    },
    "node_modules/@girs/gnomebg-4.0": {
      "version": "4.0.0-4.0.0-beta.5",
      "resolved": "https://registry.npmjs.org/@girs/gnomebg-4.0/-/gnomebg-4.0-4.0.0-4.0.0-beta.5.tgz",
      "integrity": "sha512-Q8h0PLBLsoAy9eclH92C6Xc7C+6RbgpLb9M6yT5cigpCn7UBpGsXHYQ6ixVO9k9htfheLPqhaTEfb8gPAjyw8A==",
      "dev": true,
      "dependencies": {
        "@girs/cairo-1.0": "^1.0.0-4.0.0-beta.5",
        "@girs/freetype2-2.0": "^2.0.0-4.0.0-beta.5",
        "@girs/gdesktopenums-3.0": "^3.0.0-4.0.0-beta.5",
        "@girs/gdk-4.0": "^4.0.0-4.0.0-beta.5",
        "@girs/gdkpixbuf-2.0": "^2.0.0-4.0.0-beta.5",
        "@girs/gio-2.0": "^2.80.0-4.0.0-beta.5",
        "@girs/gjs": "^4.0.0-beta.5",
        "@girs/glib-2.0": "^2.80.0-4.0.0-beta.5",
        "@girs/gmodule-2.0": "^2.0.0-4.0.0-beta.5",
        "@girs/gnomedesktop-4.0": "^4.0.0-4.0.0-beta.5",
        "@girs/gobject-2.0": "^2.80.0-4.0.0-beta.5",
        "@girs/harfbuzz-0.0": "^8.3.1-4.0.0-beta.5",
        "@girs/pango-1.0": "^1.52.2-4.0.0-beta.5",
        "@girs/pangocairo-1.0": "^1.0.0-4.0.0-beta.5"
      }
    },
    "node_modules/@girs/gnomebluetooth-3.0": {
      "version": "3.0.0-4.0.0-beta.5",
      "resolved": "https://registry.npmjs.org/@girs/gnomebluetooth-3.0/-/gnomebluetooth-3.0-3.0.0-4.0.0-beta.5.tgz",
      "integrity": "sha512-AfDig4Ta2fhcu7/ggA7Wje8iyg+gQsQ135wu7caaI/19G2+6PPbu0ZoMBcFJ2tiGpUYEd7DIaF7EnTPaMeootw==",
      "dev": true,
      "dependencies": {
        "@girs/gio-2.0": "^2.80.0-4.0.0-beta.5",
        "@girs/gjs": "^4.0.0-beta.5",
        "@girs/glib-2.0": "^2.80.0-4.0.0-beta.5",
        "@girs/gobject-2.0": "^2.80.0-4.0.0-beta.5"
      }
    },
    "node_modules/@girs/gnomedesktop-4.0": {
      "version": "4.0.0-4.0.0-beta.5",
      "resolved": "https://registry.npmjs.org/@girs/gnomedesktop-4.0/-/gnomedesktop-4.0-4.0.0-4.0.0-beta.5.tgz",
      "integrity": "sha512-FnYd5DQFDOIc7XFajKGbv2zrbVpkkqzJh2yhrpvdXbkvtx5ZYABRPynXVJym3nYXreKuECmPTFYk9lLMxYnNdw==",
      "dev": true,
      "dependencies": {
        "@girs/gdesktopenums-3.0": "^3.0.0-4.0.0-beta.5",
        "@girs/gdkpixbuf-2.0": "^2.0.0-4.0.0-beta.5",
        "@girs/gio-2.0": "^2.80.0-4.0.0-beta.5",
        "@girs/gjs": "^4.0.0-beta.5",
        "@girs/glib-2.0": "^2.80.0-4.0.0-beta.5",
        "@girs/gmodule-2.0": "^2.0.0-4.0.0-beta.5",
        "@girs/gobject-2.0": "^2.80.0-4.0.0-beta.5"
      }
    },
    "node_modules/@girs/gobject-2.0": {
      "version": "2.80.0-4.0.0-beta.5",
      "resolved": "https://registry.npmjs.org/@girs/gobject-2.0/-/gobject-2.0-2.80.0-4.0.0-beta.5.tgz",
      "integrity": "sha512-KSEGFvcKJr5TqrvA6JgtJ5ywTeXZABCCWDcf+/SEBocKZBUZySAeh/PA9kN7o9AktcESJVYo0v7BRQQluwBWTg==",
      "dev": true,
      "dependencies": {
        "@girs/gjs": "^4.0.0-beta.5",
        "@girs/glib-2.0": "^2.80.0-4.0.0-beta.5"
      }
    },
    "node_modules/@girs/graphene-1.0": {
      "version": "1.0.0-4.0.0-beta.5",
      "resolved": "https://registry.npmjs.org/@girs/graphene-1.0/-/graphene-1.0-1.0.0-4.0.0-beta.5.tgz",
      "integrity": "sha512-0+Ve2tLKnBGBwhvn6/nXuMdBeMmU8iTS97mW8q3NvO30UI4g2uA4gd5gX6/YQ9Lxwrktc2eVfEdK57u0alwTtg==",
      "dev": true,
      "dependencies": {
        "@girs/gjs": "^4.0.0-beta.5",
        "@girs/glib-2.0": "^2.80.0-4.0.0-beta.5",
        "@girs/gobject-2.0": "^2.80.0-4.0.0-beta.5"
      }
    },
    "node_modules/@girs/gsk-4.0": {
      "version": "4.0.0-4.0.0-beta.5",
      "resolved": "https://registry.npmjs.org/@girs/gsk-4.0/-/gsk-4.0-4.0.0-4.0.0-beta.5.tgz",
      "integrity": "sha512-D0noQvI/SJ7jEh8JFknacNcC0gDOX/ckRk8LITSKSkQAPWG3zeMbrvH954VwkUoPRPDNHo/k457p5AV4y1j0ig==",
      "dev": true,
      "dependencies": {
        "@girs/cairo-1.0": "^1.0.0-4.0.0-beta.5",
        "@girs/freetype2-2.0": "^2.0.0-4.0.0-beta.5",
        "@girs/gdk-4.0": "^4.0.0-4.0.0-beta.5",
        "@girs/gdkpixbuf-2.0": "^2.0.0-4.0.0-beta.5",
        "@girs/gio-2.0": "^2.80.0-4.0.0-beta.5",
        "@girs/gjs": "^4.0.0-beta.5",
        "@girs/glib-2.0": "^2.80.0-4.0.0-beta.5",
        "@girs/gmodule-2.0": "^2.0.0-4.0.0-beta.5",
        "@girs/gobject-2.0": "^2.80.0-4.0.0-beta.5",
        "@girs/graphene-1.0": "^1.0.0-4.0.0-beta.5",
        "@girs/harfbuzz-0.0": "^8.3.1-4.0.0-beta.5",
        "@girs/pango-1.0": "^1.52.2-4.0.0-beta.5",
        "@girs/pangocairo-1.0": "^1.0.0-4.0.0-beta.5"
      }
    },
    "node_modules/@girs/gtk-4.0": {
      "version": "4.14.3-4.0.0-beta.5",
      "resolved": "https://registry.npmjs.org/@girs/gtk-4.0/-/gtk-4.0-4.14.3-4.0.0-beta.5.tgz",
      "integrity": "sha512-7tl5JaGmnNhRzz/5SX17b60QfXEhG/o783+GPW4UMdqH5Wqm1woKMfgpL22w6MWrSDCuBNp2DzUnlFjVuj2XgQ==",
      "dev": true,
      "dependencies": {
        "@girs/cairo-1.0": "^1.0.0-4.0.0-beta.5",
        "@girs/freetype2-2.0": "^2.0.0-4.0.0-beta.5",
        "@girs/gdk-4.0": "^4.0.0-4.0.0-beta.5",
        "@girs/gdkpixbuf-2.0": "^2.0.0-4.0.0-beta.5",
        "@girs/gio-2.0": "^2.80.0-4.0.0-beta.5",
        "@girs/gjs": "^4.0.0-beta.5",
        "@girs/glib-2.0": "^2.80.0-4.0.0-beta.5",
        "@girs/gmodule-2.0": "^2.0.0-4.0.0-beta.5",
        "@girs/gobject-2.0": "^2.80.0-4.0.0-beta.5",
        "@girs/graphene-1.0": "^1.0.0-4.0.0-beta.5",
        "@girs/gsk-4.0": "^4.0.0-4.0.0-beta.5",
        "@girs/harfbuzz-0.0": "^8.3.1-4.0.0-beta.5",
        "@girs/pango-1.0": "^1.52.2-4.0.0-beta.5",
        "@girs/pangocairo-1.0": "^1.0.0-4.0.0-beta.5"
      }
    },
    "node_modules/@girs/gvc-1.0": {
      "version": "1.0.0-4.0.0-beta.5",
      "resolved": "https://registry.npmjs.org/@girs/gvc-1.0/-/gvc-1.0-1.0.0-4.0.0-beta.5.tgz",
      "integrity": "sha512-aeIuw8U6b/sRcmsA7NZJxJoFUGOlPUbyGOlEaFS3QGyfI7LqhIBkv9ZBT9IVgyoOIKoEMqFeJr1Q3C/C3TnGkA==",
      "dev": true,
      "dependencies": {
        "@girs/gio-2.0": "^2.80.0-4.0.0-beta.5",
        "@girs/gjs": "^4.0.0-beta.5",
        "@girs/glib-2.0": "^2.80.0-4.0.0-beta.5",
        "@girs/gobject-2.0": "^2.80.0-4.0.0-beta.5"
      }
    },
    "node_modules/@girs/harfbuzz-0.0": {
      "version": "8.3.1-4.0.0-beta.5",
      "resolved": "https://registry.npmjs.org/@girs/harfbuzz-0.0/-/harfbuzz-0.0-8.3.1-4.0.0-beta.5.tgz",
      "integrity": "sha512-cz8NrQ0XRdJRanCZq8TVdevc3IgzISQnr1ZGXv+g49bFJecvef5zW3NWdWhPI7MDjPIgHQB77L32NQyzCjyTyg==",
      "dev": true,
      "dependencies": {
        "@girs/freetype2-2.0": "^2.0.0-4.0.0-beta.5",
        "@girs/gjs": "^4.0.0-beta.5",
        "@girs/glib-2.0": "^2.80.0-4.0.0-beta.5",
        "@girs/gobject-2.0": "^2.80.0-4.0.0-beta.5"
      }
    },
    "node_modules/@girs/meta-14": {
      "version": "14.0.0-4.0.0-beta.5",
      "resolved": "https://registry.npmjs.org/@girs/meta-14/-/meta-14-14.0.0-4.0.0-beta.5.tgz",
      "integrity": "sha512-eI3KV8KyB2XhVq9iqp6YP2c2x3LNsvjSJFH4oJmQpM67G7Ht8D+incE0uslw+anye2/8zJfNbwA+OgtIKTODig==",
      "dev": true,
      "dependencies": {
        "@girs/atk-1.0": "^2.52.0-4.0.0-beta.5",
        "@girs/cairo-1.0": "^1.0.0-4.0.0-beta.5",
        "@girs/clutter-14": "^14.0.0-4.0.0-beta.5",
        "@girs/cogl-14": "^14.0.0-4.0.0-beta.5",
        "@girs/coglpango-14": "^14.0.0-4.0.0-beta.5",
        "@girs/freetype2-2.0": "^2.0.0-4.0.0-beta.5",
        "@girs/gdesktopenums-3.0": "^3.0.0-4.0.0-beta.5",
        "@girs/gio-2.0": "^2.80.0-4.0.0-beta.5",
        "@girs/gjs": "^4.0.0-beta.5",
        "@girs/gl-1.0": "^1.0.0-4.0.0-beta.5",
        "@girs/glib-2.0": "^2.80.0-4.0.0-beta.5",
        "@girs/gobject-2.0": "^2.80.0-4.0.0-beta.5",
        "@girs/graphene-1.0": "^1.0.0-4.0.0-beta.5",
        "@girs/harfbuzz-0.0": "^8.3.1-4.0.0-beta.5",
        "@girs/mtk-14": "^14.0.0-4.0.0-beta.5",
        "@girs/pango-1.0": "^1.52.2-4.0.0-beta.5",
        "@girs/pangocairo-1.0": "^1.0.0-4.0.0-beta.5",
        "@girs/xfixes-4.0": "^4.0.0-4.0.0-beta.5",
        "@girs/xlib-2.0": "^2.0.0-4.0.0-beta.5"
      }
    },
    "node_modules/@girs/mtk-14": {
      "version": "14.0.0-4.0.0-beta.5",
      "resolved": "https://registry.npmjs.org/@girs/mtk-14/-/mtk-14-14.0.0-4.0.0-beta.5.tgz",
      "integrity": "sha512-++d1YdizyiQy5K2zx1ohBzc92Vs1P7hSj7zmVPD7y4SRVAw7070izVMYbZY5LlzetUhRacDW242R1p/UUHYNsw==",
      "dev": true,
      "dependencies": {
        "@girs/gjs": "^4.0.0-beta.5",
        "@girs/glib-2.0": "^2.80.0-4.0.0-beta.5",
        "@girs/gobject-2.0": "^2.80.0-4.0.0-beta.5",
        "@girs/graphene-1.0": "^1.0.0-4.0.0-beta.5"
      }
    },
    "node_modules/@girs/nm-1.0": {
      "version": "1.46.0-4.0.0-beta.5",
      "resolved": "https://registry.npmjs.org/@girs/nm-1.0/-/nm-1.0-1.46.0-4.0.0-beta.5.tgz",
      "integrity": "sha512-PXQS1tvE+ZTxwV/Xv97UsTsbD0JGOImXdr8MWOJHnWNGd4Bz/dxdv+krcqhUC0POO96PRjz7RpJjKcU53lGxBw==",
      "dev": true,
      "dependencies": {
        "@girs/gio-2.0": "^2.80.0-4.0.0-beta.5",
        "@girs/gjs": "^4.0.0-beta.5",
        "@girs/glib-2.0": "^2.80.0-4.0.0-beta.5",
        "@girs/gobject-2.0": "^2.80.0-4.0.0-beta.5"
      }
    },
    "node_modules/@girs/pango-1.0": {
      "version": "1.52.2-4.0.0-beta.5",
      "resolved": "https://registry.npmjs.org/@girs/pango-1.0/-/pango-1.0-1.52.2-4.0.0-beta.5.tgz",
      "integrity": "sha512-K8207mlcKFG2j3hchiXu0p1doVRCqiyzfWtEXiI/VPwwbPJJfWa/JGDWKW+cn03lQ+UnV1tkA611qAZtjg2BSw==",
      "dev": true,
      "dependencies": {
        "@girs/cairo-1.0": "^1.0.0-4.0.0-beta.5",
        "@girs/freetype2-2.0": "^2.0.0-4.0.0-beta.5",
        "@girs/gio-2.0": "^2.80.0-4.0.0-beta.5",
        "@girs/gjs": "^4.0.0-beta.5",
        "@girs/glib-2.0": "^2.80.0-4.0.0-beta.5",
        "@girs/gobject-2.0": "^2.80.0-4.0.0-beta.5",
        "@girs/harfbuzz-0.0": "^8.3.1-4.0.0-beta.5"
      }
    },
    "node_modules/@girs/pangocairo-1.0": {
      "version": "1.0.0-4.0.0-beta.5",
      "resolved": "https://registry.npmjs.org/@girs/pangocairo-1.0/-/pangocairo-1.0-1.0.0-4.0.0-beta.5.tgz",
      "integrity": "sha512-sHkKR86sQ2ueVaq9Z0kjVL8BiIl0QHLfgeLVxooeqtaXZ1sJtGzcp0rLBNmbUJJ+mRWNnEMSESSRgUIMNL2gSA==",
      "dev": true,
      "dependencies": {
        "@girs/cairo-1.0": "^1.0.0-4.0.0-beta.5",
        "@girs/freetype2-2.0": "^2.0.0-4.0.0-beta.5",
        "@girs/gio-2.0": "^2.80.0-4.0.0-beta.5",
        "@girs/gjs": "^4.0.0-beta.5",
        "@girs/glib-2.0": "^2.80.0-4.0.0-beta.5",
        "@girs/gobject-2.0": "^2.80.0-4.0.0-beta.5",
        "@girs/harfbuzz-0.0": "^8.3.1-4.0.0-beta.5",
        "@girs/pango-1.0": "^1.52.2-4.0.0-beta.5"
      }
    },
    "node_modules/@girs/polkit-1.0": {
      "version": "1.0.0-4.0.0-beta.5",
      "resolved": "https://registry.npmjs.org/@girs/polkit-1.0/-/polkit-1.0-1.0.0-4.0.0-beta.5.tgz",
      "integrity": "sha512-uKJtq15olLqTKZXSwcPMuhDrN97VmJG0t6vAyCr0UdLkWXooi1r1ID1kby5arU5bWM1KtXLlLxDt3YFrdAG0Ig==",
      "dev": true,
      "dependencies": {
        "@girs/gio-2.0": "^2.80.0-4.0.0-beta.5",
        "@girs/gjs": "^4.0.0-beta.5",
        "@girs/glib-2.0": "^2.80.0-4.0.0-beta.5",
        "@girs/gobject-2.0": "^2.80.0-4.0.0-beta.5"
      }
    },
    "node_modules/@girs/polkitagent-1.0": {
      "version": "1.0.0-4.0.0-beta.5",
      "resolved": "https://registry.npmjs.org/@girs/polkitagent-1.0/-/polkitagent-1.0-1.0.0-4.0.0-beta.5.tgz",
      "integrity": "sha512-FoFyUCnHof7NmsgowGq5KF+hXNagzZqc7J0k0OT1zhSHyU6XeBiOQBbdusB/SuR9CKT4qmGZFY9GUs9lMoLmRw==",
      "dev": true,
      "dependencies": {
        "@girs/gio-2.0": "^2.80.0-4.0.0-beta.5",
        "@girs/gjs": "^4.0.0-beta.5",
        "@girs/glib-2.0": "^2.80.0-4.0.0-beta.5",
        "@girs/gobject-2.0": "^2.80.0-4.0.0-beta.5",
        "@girs/polkit-1.0": "^1.0.0-4.0.0-beta.5"
      }
    },
    "node_modules/@girs/shell-14": {
      "version": "14.0.0-4.0.0-beta.5",
      "resolved": "https://registry.npmjs.org/@girs/shell-14/-/shell-14-14.0.0-4.0.0-beta.5.tgz",
      "integrity": "sha512-TUGbR7V3xOY57aBDHf/hEh5SZosf/3pS3waq7BlRciWEZgiS4bQAPJJEqBsLvaZNjFw7YDX+CoHPmQA0h/eiEQ==",
      "dev": true,
      "dependencies": {
        "@girs/atk-1.0": "^2.52.0-4.0.0-beta.5",
        "@girs/cairo-1.0": "^1.0.0-4.0.0-beta.5",
        "@girs/cally-14": "^14.0.0-4.0.0-beta.5",
        "@girs/clutter-14": "^14.0.0-4.0.0-beta.5",
        "@girs/cogl-14": "^14.0.0-4.0.0-beta.5",
        "@girs/coglpango-14": "^14.0.0-4.0.0-beta.5",
        "@girs/freetype2-2.0": "^2.0.0-4.0.0-beta.5",
        "@girs/gck-2": "^4.3.0-4.0.0-beta.5",
        "@girs/gcr-4": "^4.3.0-4.0.0-beta.5",
        "@girs/gdesktopenums-3.0": "^3.0.0-4.0.0-beta.5",
        "@girs/gdkpixbuf-2.0": "^2.0.0-4.0.0-beta.5",
        "@girs/gio-2.0": "^2.80.0-4.0.0-beta.5",
        "@girs/gjs": "^4.0.0-beta.5",
        "@girs/gl-1.0": "^1.0.0-4.0.0-beta.5",
        "@girs/glib-2.0": "^2.80.0-4.0.0-beta.5",
        "@girs/gmodule-2.0": "^2.0.0-4.0.0-beta.5",
        "@girs/gobject-2.0": "^2.80.0-4.0.0-beta.5",
        "@girs/graphene-1.0": "^1.0.0-4.0.0-beta.5",
        "@girs/gvc-1.0": "^1.0.0-4.0.0-beta.5",
        "@girs/harfbuzz-0.0": "^8.3.1-4.0.0-beta.5",
        "@girs/meta-14": "^14.0.0-4.0.0-beta.5",
        "@girs/mtk-14": "^14.0.0-4.0.0-beta.5",
        "@girs/nm-1.0": "^1.46.0-4.0.0-beta.5",
        "@girs/pango-1.0": "^1.52.2-4.0.0-beta.5",
        "@girs/pangocairo-1.0": "^1.0.0-4.0.0-beta.5",
        "@girs/polkit-1.0": "^1.0.0-4.0.0-beta.5",
        "@girs/polkitagent-1.0": "^1.0.0-4.0.0-beta.5",
        "@girs/st-14": "^14.0.0-4.0.0-beta.5",
        "@girs/xfixes-4.0": "^4.0.0-4.0.0-beta.5",
        "@girs/xlib-2.0": "^2.0.0-4.0.0-beta.5"
      }
    },
    "node_modules/@girs/shew-0": {
      "version": "0.0.0-4.0.0-beta.5",
      "resolved": "https://registry.npmjs.org/@girs/shew-0/-/shew-0-0.0.0-4.0.0-beta.5.tgz",
      "integrity": "sha512-GJOgQ28CCdnRljM44WNIlrdrpaDelu4tT1fdnCuOm9O054pnaRXHhd+ju4OsOOIHgX79TRrBAFPsePkvL+I4tA==",
      "dev": true,
      "dependencies": {
        "@girs/cairo-1.0": "^1.0.0-4.0.0-beta.5",
        "@girs/freetype2-2.0": "^2.0.0-4.0.0-beta.5",
        "@girs/gdk-4.0": "^4.0.0-4.0.0-beta.5",
        "@girs/gdkpixbuf-2.0": "^2.0.0-4.0.0-beta.5",
        "@girs/gio-2.0": "^2.80.0-4.0.0-beta.5",
        "@girs/gjs": "^4.0.0-beta.5",
        "@girs/glib-2.0": "^2.80.0-4.0.0-beta.5",
        "@girs/gmodule-2.0": "^2.0.0-4.0.0-beta.5",
        "@girs/gobject-2.0": "^2.80.0-4.0.0-beta.5",
        "@girs/graphene-1.0": "^1.0.0-4.0.0-beta.5",
        "@girs/gsk-4.0": "^4.0.0-4.0.0-beta.5",
        "@girs/gtk-4.0": "^4.14.3-4.0.0-beta.5",
        "@girs/harfbuzz-0.0": "^8.3.1-4.0.0-beta.5",
        "@girs/pango-1.0": "^1.52.2-4.0.0-beta.5",
        "@girs/pangocairo-1.0": "^1.0.0-4.0.0-beta.5"
      }
    },
    "node_modules/@girs/st-14": {
      "version": "14.0.0-4.0.0-beta.5",
      "resolved": "https://registry.npmjs.org/@girs/st-14/-/st-14-14.0.0-4.0.0-beta.5.tgz",
      "integrity": "sha512-77IH1fhWvAbDWNtIwqX0+OsRWs0+a5WnSYs0BeCtwQ3cyv7orUnmdE/zsaBIcbGXndL07fCbODSVfYW1XM2VhA==",
      "dev": true,
      "dependencies": {
        "@girs/atk-1.0": "^2.52.0-4.0.0-beta.5",
        "@girs/cairo-1.0": "^1.0.0-4.0.0-beta.5",
        "@girs/cally-14": "^14.0.0-4.0.0-beta.5",
        "@girs/clutter-14": "^14.0.0-4.0.0-beta.5",
        "@girs/cogl-14": "^14.0.0-4.0.0-beta.5",
        "@girs/coglpango-14": "^14.0.0-4.0.0-beta.5",
        "@girs/freetype2-2.0": "^2.0.0-4.0.0-beta.5",
        "@girs/gdesktopenums-3.0": "^3.0.0-4.0.0-beta.5",
        "@girs/gdkpixbuf-2.0": "^2.0.0-4.0.0-beta.5",
        "@girs/gio-2.0": "^2.80.0-4.0.0-beta.5",
        "@girs/gjs": "^4.0.0-beta.5",
        "@girs/gl-1.0": "^1.0.0-4.0.0-beta.5",
        "@girs/glib-2.0": "^2.80.0-4.0.0-beta.5",
        "@girs/gmodule-2.0": "^2.0.0-4.0.0-beta.5",
        "@girs/gobject-2.0": "^2.80.0-4.0.0-beta.5",
        "@girs/graphene-1.0": "^1.0.0-4.0.0-beta.5",
        "@girs/harfbuzz-0.0": "^8.3.1-4.0.0-beta.5",
        "@girs/meta-14": "^14.0.0-4.0.0-beta.5",
        "@girs/mtk-14": "^14.0.0-4.0.0-beta.5",
        "@girs/pango-1.0": "^1.52.2-4.0.0-beta.5",
        "@girs/pangocairo-1.0": "^1.0.0-4.0.0-beta.5",
        "@girs/xfixes-4.0": "^4.0.0-4.0.0-beta.5",
        "@girs/xlib-2.0": "^2.0.0-4.0.0-beta.5"
      }
    },
    "node_modules/@girs/upowerglib-1.0": {
      "version": "1.90.2-4.0.0-beta.4",
      "resolved": "https://registry.npmjs.org/@girs/upowerglib-1.0/-/upowerglib-1.0-1.90.2-4.0.0-beta.4.tgz",
      "integrity": "sha512-WyIPHUV30IkNY1Z61hTTWlPqnDNuHltjPOFevsF3axYRgxWzwZVErZI1IRo0xnaEPbKhkGbqLFqI/IpQ43YTOA==",
      "dev": true,
      "dependencies": {
        "@girs/gio-2.0": "^2.80.0-4.0.0-beta.4",
        "@girs/gjs": "^4.0.0-beta.4",
        "@girs/glib-2.0": "^2.80.0-4.0.0-beta.4",
        "@girs/gobject-2.0": "^2.80.0-4.0.0-beta.4"
      }
    },
    "node_modules/@girs/xfixes-4.0": {
      "version": "4.0.0-4.0.0-beta.5",
      "resolved": "https://registry.npmjs.org/@girs/xfixes-4.0/-/xfixes-4.0-4.0.0-4.0.0-beta.5.tgz",
      "integrity": "sha512-iBaLCC1e4Fl0gx4WMcL6OE1bZEmuNMJHiTaJzX38vxiPad+35fICKi0toOY7lnoFB/UiMAF9+CvNVKEOFtGgPQ==",
      "dev": true,
      "dependencies": {
        "@girs/gjs": "^4.0.0-beta.5",
        "@girs/gobject-2.0": "^2.80.0-4.0.0-beta.5"
      }
    },
    "node_modules/@girs/xlib-2.0": {
      "version": "2.0.0-4.0.0-beta.5",
      "resolved": "https://registry.npmjs.org/@girs/xlib-2.0/-/xlib-2.0-2.0.0-4.0.0-beta.5.tgz",
      "integrity": "sha512-kAGziukb0/ljOMcxGy28ZXYApokPgwMM+WObF36Xmp7bZ+V/a/RGkLVlFeC/MZzInZVvi6Gdo2SvKjC1py8PQA==",
      "dev": true,
      "dependencies": {
        "@girs/gjs": "^4.0.0-beta.5",
        "@girs/gobject-2.0": "^2.80.0-4.0.0-beta.5"
      }
    },
    "node_modules/typescript": {
      "version": "5.4.5",
      "resolved": "https://registry.npmjs.org/typescript/-/typescript-5.4.5.tgz",
      "integrity": "sha512-vcI4UpRgg81oIRUFwR0WSIHKt11nJ7SAVlYNIu+QpqeyXP+gpQJy/Z4+F0aGxSE4MqwjyXvW/TzgkLAx2AGHwQ==",
      "dev": true,
      "bin": {
        "tsc": "bin/tsc",
        "tsserver": "bin/tsserver"
      },
      "engines": {
        "node": ">=14.17"
      }
    }
  }
}
